
Microsoft Visual Studio Solution File, Format Version 12.00
# Visual Studio Version 17
VisualStudioVersion = 17.0.31912.275
MinimumVisualStudioVersion = 10.0.40219.1
Project("{FAE04EC0-301F-11D3-BF4B-00C04F79EFBC}") = "BasicMaths", "BasicMaths\BasicMaths.csproj", "{04AF2F93-C58A-4E77-B169-C4B92670DFAB}"
EndProject
Project("{FAE04EC0-301F-11D3-BF4B-00C04F79EFBC}") = "BasicMathsTest", "BasicMathsTest\BasicMathsTest.csproj", "{4994C9B7-3603-473D-929B-61DBA175CC45}"
EndProject
Global
	GlobalSection(SolutionConfigurationPlatforms) = preSolution
		Debug|Any CPU = Debug|Any CPU
		Release|Any CPU = Release|Any CPU
	EndGlobalSection
	GlobalSection(ProjectConfigurationPlatforms) = postSolution
		{04AF2F93-C58A-4E77-B169-C4B92670DFAB}.Debug|Any CPU.ActiveCfg = Debug|Any CPU
		{04AF2F93-C58A-4E77-B169-C4B92670DFAB}.Debug|Any CPU.Build.0 = Debug|Any CPU
		{04AF2F93-C58A-4E77-B169-C4B92670DFAB}.Release|Any CPU.ActiveCfg = Release|Any CPU
		{04AF2F93-C58A-4E77-B169-C4B92670DFAB}.Release|Any CPU.Build.0 = Release|Any CPU
		{4994C9B7-3603-473D-929B-61DBA175CC45}.Debug|Any CPU.ActiveCfg = Debug|Any CPU
		{4994C9B7-3603-473D-929B-61DBA175CC45}.Debug|Any CPU.Build.0 = Debug|Any CPU
		{4994C9B7-3603-473D-929B-61DBA175CC45}.Release|Any CPU.ActiveCfg = Release|Any CPU
		{4994C9B7-3603-473D-929B-61DBA175CC45}.Release|Any CPU.Build.0 = Release|Any CPU
	EndGlobalSection
	GlobalSection(SolutionProperties) = preSolution
		HideSolutionNode = FALSE
	EndGlobalSection
	GlobalSection(ExtensibilityGlobals) = postSolution
		SolutionGuid = {DFD4F532-64EE-4D33-99E1-E05C9345AE86}
	EndGlobalSection
EndGlobal
